
Microsoft Visual Studio Solution File, Format Version 12.00
# Visual Studio 2015
Project("{FAE04EC0-301F-11D3-BF4B-00C04F79EFBC}") = "RPG_T4C.Plugins", "RPG_T4C.Plugins.csproj", "{F202CAF0-2D7C-E309-4E29-F24A3ABFBC04}"
EndProject
Project("{FAE04EC0-301F-11D3-BF4B-00C04F79EFBC}") = "RPG_T4C", "RPG_T4C.csproj", "{9A8E2B7B-5B77-9E0E-5649-C5251E921259}"
EndProject
Project("{FAE04EC0-301F-11D3-BF4B-00C04F79EFBC}") = "RPG_T4C.Editor.Plugins", "RPG_T4C.Editor.Plugins.csproj", "{7A250129-AB4A-5CAE-5F6C-532783399076}"
EndProject
Project("{FAE04EC0-301F-11D3-BF4B-00C04F79EFBC}") = "RPG_T4C.Editor", "RPG_T4C.Editor.csproj", "{71849716-CBB0-4926-4731-27B272EE475C}"
EndProject
Global
	GlobalSection(SolutionConfigurationPlatforms) = preSolution
		Debug|Any CPU = Debug|Any CPU
		Release|Any CPU = Release|Any CPU
	EndGlobalSection
	GlobalSection(ProjectConfigurationPlatforms) = postSolution
		{F202CAF0-2D7C-E309-4E29-F24A3ABFBC04}.Debug|Any CPU.ActiveCfg = Debug|Any CPU
		{F202CAF0-2D7C-E309-4E29-F24A3ABFBC04}.Debug|Any CPU.Build.0 = Debug|Any CPU
		{F202CAF0-2D7C-E309-4E29-F24A3ABFBC04}.Release|Any CPU.ActiveCfg = Release|Any CPU
		{F202CAF0-2D7C-E309-4E29-F24A3ABFBC04}.Release|Any CPU.Build.0 = Release|Any CPU
		{9A8E2B7B-5B77-9E0E-5649-C5251E921259}.Debug|Any CPU.ActiveCfg = Debug|Any CPU
		{9A8E2B7B-5B77-9E0E-5649-C5251E921259}.Debug|Any CPU.Build.0 = Debug|Any CPU
		{9A8E2B7B-5B77-9E0E-5649-C5251E921259}.Release|Any CPU.ActiveCfg = Release|Any CPU
		{9A8E2B7B-5B77-9E0E-5649-C5251E921259}.Release|Any CPU.Build.0 = Release|Any CPU
		{7A250129-AB4A-5CAE-5F6C-532783399076}.Debug|Any CPU.ActiveCfg = Debug|Any CPU
		{7A250129-AB4A-5CAE-5F6C-532783399076}.Debug|Any CPU.Build.0 = Debug|Any CPU
		{7A250129-AB4A-5CAE-5F6C-532783399076}.Release|Any CPU.ActiveCfg = Release|Any CPU
		{7A250129-AB4A-5CAE-5F6C-532783399076}.Release|Any CPU.Build.0 = Release|Any CPU
		{71849716-CBB0-4926-4731-27B272EE475C}.Debug|Any CPU.ActiveCfg = Debug|Any CPU
		{71849716-CBB0-4926-4731-27B272EE475C}.Debug|Any CPU.Build.0 = Debug|Any CPU
		{71849716-CBB0-4926-4731-27B272EE475C}.Release|Any CPU.ActiveCfg = Release|Any CPU
		{71849716-CBB0-4926-4731-27B272EE475C}.Release|Any CPU.Build.0 = Release|Any CPU
	EndGlobalSection
	GlobalSection(SolutionProperties) = preSolution
		HideSolutionNode = FALSE
	EndGlobalSection
EndGlobal
